// !$*UTF8*$!
{
	archiveVersion = 1;
	classes = {
	};
	objectVersion = 50;
	objects = {

/* Begin PBXBuildFile section */
		D97C685F263835E8001AC24F /* AppDelegate.swift in Sources */ = {isa = PBXBuildFile; fileRef = D97C685E263835E8001AC24F /* AppDelegate.swift */; };
		D97C6861263835E8001AC24F /* SceneDelegate.swift in Sources */ = {isa = PBXBuildFile; fileRef = D97C6860263835E8001AC24F /* SceneDelegate.swift */; };
		D97C6863263835E8001AC24F /* ViewController.swift in Sources */ = {isa = PBXBuildFile; fileRef = D97C6862263835E8001AC24F /* ViewController.swift */; };
		D97C6866263835E8001AC24F /* Main.storyboard in Resources */ = {isa = PBXBuildFile; fileRef = D97C6864263835E8001AC24F /* Main.storyboard */; };
		D97C6868263835E9001AC24F /* Assets.xcassets in Resources */ = {isa = PBXBuildFile; fileRef = D97C6867263835E9001AC24F /* Assets.xcassets */; };
		D97C686B263835E9001AC24F /* LaunchScreen.storyboard in Resources */ = {isa = PBXBuildFile; fileRef = D97C6869263835E9001AC24F /* LaunchScreen.storyboard */; };
		D97C687526386648001AC24F /* setTableViewController.swift in Sources */ = {isa = PBXBuildFile; fileRef = D97C687426386648001AC24F /* setTableViewController.swift */; };
/* End PBXBuildFile section */

/* Begin PBXFileReference section */
		D97C685B263835E8001AC24F /* UIStepper.app */ = {isa = PBXFileReference; explicitFileType = wrapper.application; includeInIndex = 0; path = UIStepper.app; sourceTree = BUILT_PRODUCTS_DIR; };
		D97C685E263835E8001AC24F /* AppDelegate.swift */ = {isa = PBXFileReference; lastKnownFileType = sourcecode.swift; path = AppDelegate.swift; sourceTree = "<group>"; };
		D97C6860263835E8001AC24F /* SceneDelegate.swift */ = {isa = PBXFileReference; lastKnownFileType = sourcecode.swift; path = SceneDelegate.swift; sourceTree = "<group>"; };
		D97C6862263835E8001AC24F /* ViewController.swift */ = {isa = PBXFileReference; lastKnownFileType = sourcecode.swift; path = ViewController.swift; sourceTree = "<group>"; };
		D97C6865263835E8001AC24F /* Base */ = {isa = PBXFileReference; lastKnownFileType = file.storyboard; name = Base; path = Base.lproj/Main.storyboard; sourceTree = "<group>"; };
		D97C6867263835E9001AC24F /* Assets.xcassets */ = {isa = PBXFileReference; lastKnownFileType = folder.assetcatalog; path = Assets.xcassets; sourceTree = "<group>"; };
		D97C686A263835E9001AC24F /* Base */ = {isa = PBXFileReference; lastKnownFileType = file.storyboard; name = Base; path = Base.lproj/LaunchScreen.storyboard; sourceTree = "<group>"; };
		D97C686C263835E9001AC24F /* Info.plist */ = {isa = PBXFileReference; lastKnownFileType = text.plist.xml; path = Info.plist; sourceTree = "<group>"; };
		D97C687426386648001AC24F /* setTableViewController.swift */ = {isa = PBXFileReference; lastKnownFileType = sourcecode.swift; path = setTableViewController.swift; sourceTree = "<group>"; };
/* End PBXFileReference section */

/* Begin PBXFrameworksBuildPhase section */
		D97C6858263835E8001AC24F /* Frameworks */ = {
			isa = PBXFrameworksBuildPhase;
			buildActionMask = 2147483647;
			files = (
			);
			runOnlyForDeploymentPostprocessing = 0;
		};
/* End PBXFrameworksBuildPhase section */

/* Begin PBXGroup section */
		D97C6852263835E8001AC24F = {
			isa = PBXGroup;
			children = (
				D97C685D263835E8001AC24F /* UIStepper */,
				D97C685C263835E8001AC24F /* Products */,
			);
			sourceTree = "<group>";
		};
		D97C685C263835E8001AC24F /* Products */ = {
			isa = PBXGroup;
			children = (
				D97C685B263835E8001AC24F /* UIStepper.app */,
			);
			name = Products;
			sourceTree = "<group>";
		};
		D97C685D263835E8001AC24F /* UIStepper */ = {
			isa = PBXGroup;
			children = (
				D97C685E263835E8001AC24F /* AppDelegate.swift */,
				D97C6860263835E8001AC24F /* SceneDelegate.swift */,
				D97C6862263835E8001AC24F /* ViewController.swift */,
				D97C6864263835E8001AC24F /* Main.storyboard */,
				D97C687426386648001AC24F /* setTableViewController.swift */,
				D97C6867263835E9001AC24F /* Assets.xcassets */,
				D97C6869263835E9001AC24F /* LaunchScreen.storyboard */,
				D97C686C263835E9001AC24F /* Info.plist */,
			);
			path = UIStepper;
			sourceTree = "<group>";
		};
/* End PBXGroup section */

/* Begin PBXNativeTarget section */
		D97C685A263835E8001AC24F /* UIStepper */ = {
			isa = PBXNativeTarget;
			buildConfigurationList = D97C686F263835E9001AC24F /* Build configuration list for PBXNativeTarget "UIStepper" */;
			buildPhases = (
				D97C6857263835E8001AC24F /* Sources */,
				D97C6858263835E8001AC24F /* Frameworks */,
				D97C6859263835E8001AC24F /* Resources */,
			);
			buildRules = (
			);
			dependencies = (
			);
			name = UIStepper;
			productName = UIStepper;
			productReference = D97C685B263835E8001AC24F /* UIStepper.app */;
			productType = "com.apple.product-type.application";
		};
/* End PBXNativeTarget section */

/* Begin PBXProject section */
		D97C6853263835E8001AC24F /* Project object */ = {
			isa = PBXProject;
			attributes = {
				LastSwiftUpdateCheck = 1240;
				LastUpgradeCheck = 1240;
				TargetAttributes = {
					D97C685A263835E8001AC24F = {
						CreatedOnToolsVersion = 12.4;
					};
				};
			};
			buildConfigurationList = D97C6856263835E8001AC24F /* Build configuration list for PBXProject "UIStepper" */;
			compatibilityVersion = "Xcode 9.3";
			developmentRegion = en;
			hasScannedForEncodings = 0;
			knownRegions = (
				en,
				Base,
			);
			mainGroup = D97C6852263835E8001AC24F;
			productRefGroup = D97C685C263835E8001AC24F /* Products */;
			projectDirPath = "";
			projectRoot = "";
			targets = (
				D97C685A263835E8001AC24F /* UIStepper */,
			);
		};
/* End PBXProject section */

/* Begin PBXResourcesBuildPhase section */
		D97C6859263835E8001AC24F /* Resources */ = {
			isa = PBXResourcesBuildPhase;
			buildActionMask = 2147483647;
			files = (
				D97C686B263835E9001AC24F /* LaunchScreen.storyboard in Resources */,
				D97C6868263835E9001AC24F /* Assets.xcassets in Resources */,
				D97C6866263835E8001AC24F /* Main.storyboard in Resources */,
			);
			runOnlyForDeploymentPostprocessing = 0;
		};
/* End PBXResourcesBuildPhase section */

/* Begin PBXSourcesBuildPhase section */
		D97C6857263835E8001AC24F /* Sources */ = {
			isa = PBXSourcesBuildPhase;
			buildActionMask = 2147483647;
			files = (
				D97C6863263835E8001AC24F /* ViewController.swift in Sources */,
				D97C685F263835E8001AC24F /* AppDelegate.swift in Sources */,
				D97C687526386648001AC24F /* setTableViewController.swift in Sources */,
				D97C6861263835E8001AC24F /* SceneDelegate.swift in Sources */,
			);
			runOnlyForDeploymentPostprocessing = 0;
		};
/* End PBXSourcesBuildPhase section */

/* Begin PBXVariantGroup section */
		D97C6864263835E8001AC24F /* Main.storyboard */ = {
			isa = PBXVariantGroup;
			children = (
				D97C6865263835E8001AC24F /* Base */,
			);
			name = Main.storyboard;
			sourceTree = "<group>";
		};
		D97C6869263835E9001AC24F /* LaunchScreen.storyboard */ = {
			isa = PBXVariantGroup;
			children = (
				D97C686A263835E9001AC24F /* Base */,
			);
			name = LaunchScreen.storyboard;
			sourceTree = "<group>";
		};
/* End PBXVariantGroup section */

/* Begin XCBuildConfiguration section */
		D97C686D263835E9001AC24F /* Debug */ = {
			isa = XCBuildConfiguration;
			buildSettings = {
				ALWAYS_SEARCH_USER_PATHS = NO;
				CLANG_ANALYZER_NONNULL = YES;
				CLANG_ANALYZER_NUMBER_OBJECT_CONVERSION = YES_AGGRESSIVE;
				CLANG_CXX_LANGUAGE_STANDARD = "gnu++14";
				CLANG_CXX_LIBRARY = "libc++";
				CLANG_ENABLE_MODULES = YES;
				CLANG_ENABLE_OBJC_ARC = YES;
				CLANG_ENABLE_OBJC_WEAK = YES;
				CLANG_WARN_BLOCK_CAPTURE_AUTORELEASING = YES;
				CLANG_WARN_BOOL_CONVERSION = YES;
				CLANG_WARN_COMMA = YES;
				CLANG_WARN_CONSTANT_CONVERSION = YES;
				CLANG_WARN_DEPRECATED_OBJC_IMPLEMENTATIONS = YES;
				CLANG_WARN_DIRECT_OBJC_ISA_USAGE = YES_ERROR;
				CLANG_WARN_DOCUMENTATION_COMMENTS = YES;
				CLANG_WARN_EMPTY_BODY = YES;
				CLANG_WARN_ENUM_CONVERSION = YES;
				CLANG_WARN_INFINITE_RECURSION = YES;
				CLANG_WARN_INT_CONVERSION = YES;
				CLANG_WARN_NON_LITERAL_NULL_CONVERSION = YES;
				CLANG_WARN_OBJC_IMPLICIT_RETAIN_SELF = YES;
				CLANG_WARN_OBJC_LITERAL_CONVERSION = YES;
				CLANG_WARN_OBJC_ROOT_CLASS = YES_ERROR;
				CLANG_WARN_QUOTED_INCLUDE_IN_FRAMEWORK_HEADER = YES;
				CLANG_WARN_RANGE_LOOP_ANALYSIS = YES;
				CLANG_WARN_STRICT_PROTOTYPES = YES;
				CLANG_WARN_SUSPICIOUS_MOVE = YES;
				CLANG_WARN_UNGUARDED_AVAILABILITY = YES_AGGRESSIVE;
				CLANG_WARN_UNREACHABLE_CODE = YES;
				CLANG_WARN__DUPLICATE_METHOD_MATCH = YES;
				COPY_PHASE_STRIP = NO;
				DEBUG_INFORMATION_FORMAT = dwarf;
				ENABLE_STRICT_OBJC_MSGSEND = YES;
				ENABLE_TESTABILITY = YES;
				GCC_C_LANGUAGE_STANDARD = gnu11;
				GCC_DYNAMIC_NO_PIC = NO;
				GCC_NO_COMMON_BLOCKS = YES;
				GCC_OPTIMIZATION_LEVEL = 0;
				GCC_PREPROCESSOR_DEFINITIONS = (
					"DEBUG=1",
					"$(inherited)",
				);
				GCC_WARN_64_TO_32_BIT_CONVERSION = YES;
				GCC_WARN_ABOUT_RETURN_TYPE = YES_ERROR;
				GCC_WARN_UNDECLARED_SELECTOR = YES;
				GCC_WARN_UNINITIALIZED_AUTOS = YES_AGGRESSIVE;
				GCC_WARN_UNUSED_FUNCTION = YES;
				GCC_WARN_UNUSED_VARIABLE = YES;
				IPHONEOS_DEPLOYMENT_TARGET = 14.4;
				MTL_ENABLE_DEBUG_INFO = INCLUDE_SOURCE;
				MTL_FAST_MATH = YES;
				ONLY_ACTIVE_ARCH = YES;
				SDKROOT = iphoneos;
				SWIFT_ACTIVE_COMPILATION_CONDITIONS = DEBUG;
				SWIFT_OPTIMIZATION_LEVEL = "-Onone";
			};
			name = Debug;
		};
		D97C686E263835E9001AC24F /* Release */ = {
			isa = XCBuildConfiguration;
			buildSettings = {
				ALWAYS_SEARCH_USER_PATHS = NO;
				CLANG_ANALYZER_NONNULL = YES;
				CLANG_ANALYZER_NUMBER_OBJECT_CONVERSION = YES_AGGRESSIVE;
				CLANG_CXX_LANGUAGE_STANDARD = "gnu++14";
				CLANG_CXX_LIBRARY = "libc++";
				CLANG_ENABLE_MODULES = YES;
				CLANG_ENABLE_OBJC_ARC = YES;
				CLANG_ENABLE_OBJC_WEAK = YES;
				CLANG_WARN_BLOCK_CAPTURE_AUTORELEASING = YES;
				CLANG_WARN_BOOL_CONVERSION = YES;
				CLANG_WARN_COMMA = YES;
				CLANG_WARN_CONSTANT_CONVERSION = YES;
				CLANG_WARN_DEPRECATED_OBJC_IMPLEMENTATIONS = YES;
				CLANG_WARN_DIRECT_OBJC_ISA_USAGE = YES_ERROR;
				CLANG_WARN_DOCUMENTATION_COMMENTS = YES;
				CLANG_WARN_EMPTY_BODY = YES;
				CLANG_WARN_ENUM_CONVERSION = YES;
				CLANG_WARN_INFINITE_RECURSION = YES;
				CLANG_WARN_INT_CONVERSION = YES;
				CLANG_WARN_NON_LITERAL_NULL_CONVERSION = YES;
				CLANG_WARN_OBJC_IMPLICIT_RETAIN_SELF = YES;
				CLANG_WARN_OBJC_LITERAL_CONVERSION = YES;
				CLANG_WARN_OBJC_ROOT_CLASS = YES_ERROR;
				CLANG_WARN_QUOTED_INCLUDE_IN_FRAMEWORK_HEADER = YES;
				CLANG_WARN_RANGE_LOOP_ANALYSIS = YES;
				CLANG_WARN_STRICT_PROTOTYPES = YES;
				CLANG_WARN_SUSPICIOUS_MOVE = YES;
				CLANG_WARN_UNGUARDED_AVAILABILITY = YES_AGGRESSIVE;
				CLANG_WARN_UNREACHABLE_CODE = YES;
				CLANG_WARN__DUPLICATE_METHOD_MATCH = YES;
				COPY_PHASE_STRIP = NO;
				DEBUG_INFORMATION_FORMAT = "dwarf-with-dsym";
				ENABLE_NS_ASSERTIONS = NO;
				ENABLE_STRICT_OBJC_MSGSEND = YES;
				GCC_C_LANGUAGE_STANDARD = gnu11;
				GCC_NO_COMMON_BLOCKS = YES;
				GCC_WARN_64_TO_32_BIT_CONVERSION = YES;
				GCC_WARN_ABOUT_RETURN_TYPE = YES_ERROR;
				GCC_WARN_UNDECLARED_SELECTOR = YES;
				GCC_WARN_UNINITIALIZED_AUTOS = YES_AGGRESSIVE;
				GCC_WARN_UNUSED_FUNCTION = YES;
				GCC_WARN_UNUSED_VARIABLE = YES;
				IPHONEOS_DEPLOYMENT_TARGET = 14.4;
				MTL_ENABLE_DEBUG_INFO = NO;
				MTL_FAST_MATH = YES;
				SDKROOT = iphoneos;
				SWIFT_COMPILATION_MODE = wholemodule;
				SWIFT_OPTIMIZATION_LEVEL = "-O";
				VALIDATE_PRODUCT = YES;
			};
			name = Release;
		};
		D97C6870263835E9001AC24F /* Debug */ = {
			isa = XCBuildConfiguration;
			buildSettings = {
				ASSETCATALOG_COMPILER_APPICON_NAME = AppIcon;
				ASSETCATALOG_COMPILER_GLOBAL_ACCENT_COLOR_NAME = AccentColor;
				CODE_SIGN_STYLE = Automatic;
				DEVELOPMENT_TEAM = G7LV6N67KJ;
				INFOPLIST_FILE = UIStepper/Info.plist;
				LD_RUNPATH_SEARCH_PATHS = (
					"$(inherited)",
					"@executable_path/Frameworks",
				);
				PRODUCT_BUNDLE_IDENTIFIER = com.ZHI.UIStepper;
				PRODUCT_NAME = "$(TARGET_NAME)";
				SWIFT_VERSION = 5.0;
				TARGETED_DEVICE_FAMILY = 1;
			};
			name = Debug;
		};
		D97C6871263835E9001AC24F /* Release */ = {
			isa = XCBuildConfiguration;
			buildSettings = {
				ASSETCATALOG_COMPILER_APPICON_NAME = AppIcon;
				ASSETCATALOG_COMPILER_GLOBAL_ACCENT_COLOR_NAME = AccentColor;
				CODE_SIGN_STYLE = Automatic;
				DEVELOPMENT_TEAM = G7LV6N67KJ;
				INFOPLIST_FILE = UIStepper/Info.plist;
				LD_RUNPATH_SEARCH_PATHS = (
					"$(inherited)",
					"@executable_path/Frameworks",
				);
				PRODUCT_BUNDLE_IDENTIFIER = com.ZHI.UIStepper;
				PRODUCT_NAME = "$(TARGET_NAME)";
				SWIFT_VERSION = 5.0;
				TARGETED_DEVICE_FAMILY = 1;
			};
			name = Release;
		};
/* End XCBuildConfiguration section */

/* Begin XCConfigurationList section */
		D97C6856263835E8001AC24F /* Build configuration list for PBXProject "UIStepper" */ = {
			isa = XCConfigurationList;
			buildConfigurations = (
				D97C686D263835E9001AC24F /* Debug */,
				D97C686E263835E9001AC24F /* Release */,
			);
			defaultConfigurationIsVisible = 0;
			defaultConfigurationName = Release;
		};
		D97C686F263835E9001AC24F /* Build configuration list for PBXNativeTarget "UIStepper" */ = {
			isa = XCConfigurationList;
			buildConfigurations = (
				D97C6870263835E9001AC24F /* Debug */,
				D97C6871263835E9001AC24F /* Release */,
			);
			defaultConfigurationIsVisible = 0;
			defaultConfigurationName = Release;
		};
/* End XCConfigurationList section */
	};
	rootObject = D97C6853263835E8001AC24F /* Project object */;
}
